
Microsoft Visual Studio Solution File, Format Version 12.00
# Visual Studio Version 17
VisualStudioVersion = 17.1.32421.90
MinimumVisualStudioVersion = 10.0.40219.1
Project("{FAE04EC0-301F-11D3-BF4B-00C04F79EFBC}") = "Keyboard Inspector", "Keyboard Inspector\Keyboard Inspector.csproj", "{EE27F90A-2FF5-4EBB-BEDD-FBA3E1942296}"
EndProject
Global
	GlobalSection(SolutionConfigurationPlatforms) = preSolution
		Debug|Any CPU = Debug|Any CPU
		Release|Any CPU = Release|Any CPU
	EndGlobalSection
	GlobalSection(ProjectConfigurationPlatforms) = postSolution
		{EE27F90A-2FF5-4EBB-BEDD-FBA3E1942296}.Debug|Any CPU.ActiveCfg = Debug|Any CPU
		{EE27F90A-2FF5-4EBB-BEDD-FBA3E1942296}.Debug|Any CPU.Build.0 = Debug|Any CPU
		{EE27F90A-2FF5-4EBB-BEDD-FBA3E1942296}.Release|Any CPU.ActiveCfg = Release|Any CPU
		{EE27F90A-2FF5-4EBB-BEDD-FBA3E1942296}.Release|Any CPU.Build.0 = Release|Any CPU
	EndGlobalSection
	GlobalSection(SolutionProperties) = preSolution
		HideSolutionNode = FALSE
	EndGlobalSection
	GlobalSection(ExtensibilityGlobals) = postSolution
		SolutionGuid = {D66CDF49-DA61-467C-ABBE-C5A513E40D41}
	EndGlobalSection
EndGlobal
