
Microsoft Visual Studio Solution File, Format Version 12.00
# Visual Studio Version 16
VisualStudioVersion = 16.0.31005.135
MinimumVisualStudioVersion = 10.0.40219.1
Project("{FAE04EC0-301F-11D3-BF4B-00C04F79EFBC}") = "Keyboard Inspector", "Keyboard Inspector\Keyboard Inspector.csproj", "{720B25AA-4F97-499E-9921-9CE2B6BAD78C}"
EndProject
Global
	GlobalSection(SolutionConfigurationPlatforms) = preSolution
		Debug|Any CPU = Debug|Any CPU
		Release|Any CPU = Release|Any CPU
	EndGlobalSection
	GlobalSection(ProjectConfigurationPlatforms) = postSolution
		{720B25AA-4F97-499E-9921-9CE2B6BAD78C}.Debug|Any CPU.ActiveCfg = Debug|Any CPU
		{720B25AA-4F97-499E-9921-9CE2B6BAD78C}.Debug|Any CPU.Build.0 = Debug|Any CPU
		{720B25AA-4F97-499E-9921-9CE2B6BAD78C}.Release|Any CPU.ActiveCfg = Release|Any CPU
		{720B25AA-4F97-499E-9921-9CE2B6BAD78C}.Release|Any CPU.Build.0 = Release|Any CPU
	EndGlobalSection
	GlobalSection(SolutionProperties) = preSolution
		HideSolutionNode = FALSE
	EndGlobalSection
	GlobalSection(ExtensibilityGlobals) = postSolution
		SolutionGuid = {7CCF3F77-1E7E-4F93-A245-ED76B597D5F0}
	EndGlobalSection
EndGlobal
