
Microsoft Visual Studio Solution File, Format Version 12.00
# Visual Studio Version 17
VisualStudioVersion = 17.1.32421.90
MinimumVisualStudioVersion = 10.0.40219.1
Project("{FAE04EC0-301F-11D3-BF4B-00C04F79EFBC}") = "Keyboard Inspector", "Keyboard Inspector\Keyboard Inspector.csproj", "{EE27F90A-2FF5-4EBB-BEDD-FBA3E1942296}"
EndProject
Global
	GlobalSection(SolutionConfigurationPlatforms) = preSolution
		Debug|x64 = Debug|x64
		Release|x64 = Release|x64
	EndGlobalSection
	GlobalSection(ProjectConfigurationPlatforms) = postSolution
		{EE27F90A-2FF5-4EBB-BEDD-FBA3E1942296}.Debug|x64.ActiveCfg = Debug|x64
		{EE27F90A-2FF5-4EBB-BEDD-FBA3E1942296}.Debug|x64.Build.0 = Debug|x64
		{EE27F90A-2FF5-4EBB-BEDD-FBA3E1942296}.Release|x64.ActiveCfg = Release|x64
		{EE27F90A-2FF5-4EBB-BEDD-FBA3E1942296}.Release|x64.Build.0 = Release|x64
	EndGlobalSection
	GlobalSection(SolutionProperties) = preSolution
		HideSolutionNode = FALSE
	EndGlobalSection
	GlobalSection(ExtensibilityGlobals) = postSolution
		SolutionGuid = {D66CDF49-DA61-467C-ABBE-C5A513E40D41}
	EndGlobalSection
EndGlobal
